# This file is automatically @generated by Poetry 2.1.2 and should not be changed by hand.

[[package]]
name = "asgiref"
version = "3.8.1"
description = "ASGI specs, helper code, and adapters"
optional = false
python-versions = ">=3.8"
groups = ["main"]
files = [
    {file = "asgiref-3.8.1-py3-none-any.whl", hash = "sha256:3e1e3ecc849832fe52ccf2cb6686b7a55f82bb1d6aee72a58826471390335e47"},
    {file = "asgiref-3.8.1.tar.gz", hash = "sha256:c343bd80a0bec947a9860adb4c432ffa7db769836c64238fc34bdc3fec84d590"},
]

[package.extras]
tests = ["mypy (>=0.800)", "pytest", "pytest-asyncio"]

[[package]]
name = "django"
version = "5.2"
description = "A high-level Python web framework that encourages rapid development and clean, pragmatic design."
optional = false
python-versions = ">=3.10"
groups = ["main"]
files = [
    {file = "Django-5.2-py3-none-any.whl", hash = "sha256:91ceed4e3a6db5aedced65e3c8f963118ea9ba753fc620831c77074e620e7d83"},
    {file = "Django-5.2.tar.gz", hash = "sha256:1a47f7a7a3d43ce64570d350e008d2949abe8c7e21737b351b6a1611277c6d89"},
]

[package.dependencies]
asgiref = ">=3.8.1"
sqlparse = ">=0.3.1"
tzdata = {version = "*", markers = "sys_platform == \"win32\""}

[package.extras]
argon2 = ["argon2-cffi (>=19.1.0)"]
bcrypt = ["bcrypt"]

[[package]]
name = "django-cors-headers"
version = "4.7.0"
description = "django-cors-headers is a Django application for handling the server headers required for Cross-Origin Resource Sharing (CORS)."
optional = false
python-versions = ">=3.9"
groups = ["main"]
files = [
    {file = "django_cors_headers-4.7.0-py3-none-any.whl", hash = "sha256:f1c125dcd58479fe7a67fe2499c16ee38b81b397463cf025f0e2c42937421070"},
    {file = "django_cors_headers-4.7.0.tar.gz", hash = "sha256:6fdf31bf9c6d6448ba09ef57157db2268d515d94fc5c89a0a1028e1fc03ee52b"},
]

[package.dependencies]
asgiref = ">=3.6"
django = ">=4.2"

[[package]]
name = "djangorestframework"
version = "3.16.0"
description = "Web APIs for Django, made easy."
optional = false
python-versions = ">=3.9"
groups = ["main"]
files = [
    {file = "djangorestframework-3.16.0-py3-none-any.whl", hash = "sha256:bea7e9f6b96a8584c5224bfb2e4348dfb3f8b5e34edbecb98da258e892089361"},
    {file = "djangorestframework-3.16.0.tar.gz", hash = "sha256:f022ff46613584de994c0c6a4aebbace5fd700555fbe9d33b865ebf173eba6c9"},
]

[package.dependencies]
django = ">=4.2"

[[package]]
name = "sqlparse"
version = "0.5.3"
description = "A non-validating SQL parser."
optional = false
python-versions = ">=3.8"
groups = ["main"]
files = [
    {file = "sqlparse-0.5.3-py3-none-any.whl", hash = "sha256:cf2196ed3418f3ba5de6af7e82c694a9fbdbfecccdfc72e281548517081f16ca"},
    {file = "sqlparse-0.5.3.tar.gz", hash = "sha256:09f67787f56a0b16ecdbde1bfc7f5d9c3371ca683cfeaa8e6ff60b4807ec9272"},
]

[package.extras]
dev = ["build", "hatch"]
doc = ["sphinx"]

[[package]]
name = "tzdata"
version = "2025.2"
description = "Provider of IANA time zone data"
optional = false
python-versions = ">=2"
groups = ["main"]
markers = "sys_platform == \"win32\""
files = [
    {file = "tzdata-2025.2-py2.py3-none-any.whl", hash = "sha256:1a403fada01ff9221ca8044d701868fa132215d84beb92242d9acd2147f667a8"},
    {file = "tzdata-2025.2.tar.gz", hash = "sha256:b60a638fcc0daffadf82fe0f57e53d06bdec2f36c4df66280ae79bce6bd6f2b9"},
]

[metadata]
lock-version = "2.1"
python-versions = ">=3.13"
content-hash = "a23f544f2a89b8b30069dc18ec47925b2b51d3c6232d95eee80f9bddd0466d93"
